
Microsoft Visual Studio Solution File, Format Version 12.00
# Visual Studio Version 17
VisualStudioVersion = 17.4.33122.133
MinimumVisualStudioVersion = 10.0.40219.1
Project("{FAE04EC0-301F-11D3-BF4B-00C04F79EFBC}") = "MergeApp", "MergeApp\MergeApp.csproj", "{C639AB2E-A7D3-432D-B7AF-8BFB4A49AC4C}"
EndProject
Global
	GlobalSection(SolutionConfigurationPlatforms) = preSolution
		Debug|Any CPU = Debug|Any CPU
		Release|Any CPU = Release|Any CPU
	EndGlobalSection
	GlobalSection(ProjectConfigurationPlatforms) = postSolution
		{C639AB2E-A7D3-432D-B7AF-8BFB4A49AC4C}.Debug|Any CPU.ActiveCfg = Debug|Any CPU
		{C639AB2E-A7D3-432D-B7AF-8BFB4A49AC4C}.Debug|Any CPU.Build.0 = Debug|Any CPU
		{C639AB2E-A7D3-432D-B7AF-8BFB4A49AC4C}.Release|Any CPU.ActiveCfg = Release|Any CPU
		{C639AB2E-A7D3-432D-B7AF-8BFB4A49AC4C}.Release|Any CPU.Build.0 = Release|Any CPU
	EndGlobalSection
	GlobalSection(SolutionProperties) = preSolution
		HideSolutionNode = FALSE
	EndGlobalSection
	GlobalSection(ExtensibilityGlobals) = postSolution
		SolutionGuid = {C44445C4-8591-4B1D-AC19-D8600FE524B4}
	EndGlobalSection
EndGlobal
